// !$*UTF8*$!
{
	archiveVersion = 1;
	classes = {
	};
	objectVersion = 55;
	objects = {

/* Begin PBXBuildFile section */
		21245DCA27117E3100B51E02 /* VideoPlayerViewModel.swift in Sources */ = {isa = PBXBuildFile; fileRef = 21245DC927117E3100B51E02 /* VideoPlayerViewModel.swift */; };
		213FAA2D27129155001303C5 /* taylor1.mp4 in Resources */ = {isa = PBXBuildFile; fileRef = 213FAA2C27129155001303C5 /* taylor1.mp4 */; };
		213FAA2F27129274001303C5 /* 【Taylor Swift】[4K修复] Red (CMA Awards 2013) - 001 - [4K修复] Red (CMA Awards 2013).mp4 in Resources */ = {isa = PBXBuildFile; fileRef = 213FAA2E27129274001303C5 /* 【Taylor Swift】[4K修复] Red (CMA Awards 2013) - 001 - [4K修复] Red (CMA Awards 2013).mp4 */; };
		213FAA312712929A001303C5 /* 美哭了！！万人大合唱！Taylor Swift世界巡演《Love Story》！真正的视觉与听觉享受，超级震撼的舞台效果！据最神奇的视频.mp4 in Resources */ = {isa = PBXBuildFile; fileRef = 213FAA302712929A001303C5 /* 美哭了！！万人大合唱！Taylor Swift世界巡演《Love Story》！真正的视觉与听觉享受，超级震撼的舞台效果！据最神奇的视频.mp4 */; };
		213FAA33271292E2001303C5 /* 懂王-川宝支持者精彩瞬间，从来没见拉稀乔有这种待遇。 - 001 - 懂王-川宝支持者精彩瞬间，从来没见拉稀乔有这种待遇.mp4 in Resources */ = {isa = PBXBuildFile; fileRef = 213FAA32271292E2001303C5 /* 懂王-川宝支持者精彩瞬间，从来没见拉稀乔有这种待遇。 - 001 - 懂王-川宝支持者精彩瞬间，从来没见拉稀乔有这种待遇.mp4 */; };
		21EC4C9227106F8800C25FF9 /* Youtube_TransitionApp.swift in Sources */ = {isa = PBXBuildFile; fileRef = 21EC4C9127106F8800C25FF9 /* Youtube_TransitionApp.swift */; };
		21EC4C9427106F8800C25FF9 /* ContentView.swift in Sources */ = {isa = PBXBuildFile; fileRef = 21EC4C9327106F8800C25FF9 /* ContentView.swift */; };
		21EC4C9627106F8900C25FF9 /* Assets.xcassets in Resources */ = {isa = PBXBuildFile; fileRef = 21EC4C9527106F8900C25FF9 /* Assets.xcassets */; };
		21EC4C9927106F8900C25FF9 /* Preview Assets.xcassets in Resources */ = {isa = PBXBuildFile; fileRef = 21EC4C9827106F8900C25FF9 /* Preview Assets.xcassets */; };
		21EC4CA327106F8A00C25FF9 /* Youtube_TransitionTests.swift in Sources */ = {isa = PBXBuildFile; fileRef = 21EC4CA227106F8A00C25FF9 /* Youtube_TransitionTests.swift */; };
		21EC4CAD27106F8A00C25FF9 /* Youtube_TransitionUITests.swift in Sources */ = {isa = PBXBuildFile; fileRef = 21EC4CAC27106F8A00C25FF9 /* Youtube_TransitionUITests.swift */; };
		21EC4CAF27106F8A00C25FF9 /* Youtube_TransitionUITestsLaunchTests.swift in Sources */ = {isa = PBXBuildFile; fileRef = 21EC4CAE27106F8A00C25FF9 /* Youtube_TransitionUITestsLaunchTests.swift */; };
		21EC4CC027106FC900C25FF9 /* Video.swift in Sources */ = {isa = PBXBuildFile; fileRef = 21EC4CBF27106FC900C25FF9 /* Video.swift */; };
		21EC4CC2271070E200C25FF9 /* Home.swift in Sources */ = {isa = PBXBuildFile; fileRef = 21EC4CC1271070E200C25FF9 /* Home.swift */; };
		21EC4CC52710727900C25FF9 /* VideoCardView.swift in Sources */ = {isa = PBXBuildFile; fileRef = 21EC4CC42710727900C25FF9 /* VideoCardView.swift */; };
		21EC4CC7271074D400C25FF9 /* MiniPlayer.swift in Sources */ = {isa = PBXBuildFile; fileRef = 21EC4CC6271074D400C25FF9 /* MiniPlayer.swift */; };
		21EC4CC92710751700C25FF9 /* VidePlayerView.swift in Sources */ = {isa = PBXBuildFile; fileRef = 21EC4CC82710751700C25FF9 /* VidePlayerView.swift */; };
		21EC4CCA2710769B00C25FF9 /* video.mp4 in Resources */ = {isa = PBXBuildFile; fileRef = 21EC4CC32710713600C25FF9 /* video.mp4 */; };
/* End PBXBuildFile section */

/* Begin PBXContainerItemProxy section */
		21EC4C9F27106F8A00C25FF9 /* PBXContainerItemProxy */ = {
			isa = PBXContainerItemProxy;
			containerPortal = 21EC4C8627106F8800C25FF9 /* Project object */;
			proxyType = 1;
			remoteGlobalIDString = 21EC4C8D27106F8800C25FF9;
			remoteInfo = "Youtube Transition";
		};
		21EC4CA927106F8A00C25FF9 /* PBXContainerItemProxy */ = {
			isa = PBXContainerItemProxy;
			containerPortal = 21EC4C8627106F8800C25FF9 /* Project object */;
			proxyType = 1;
			remoteGlobalIDString = 21EC4C8D27106F8800C25FF9;
			remoteInfo = "Youtube Transition";
		};
/* End PBXContainerItemProxy section */

/* Begin PBXFileReference section */
		21245DC927117E3100B51E02 /* VideoPlayerViewModel.swift */ = {isa = PBXFileReference; lastKnownFileType = sourcecode.swift; path = VideoPlayerViewModel.swift; sourceTree = "<group>"; };
		213FAA2C27129155001303C5 /* taylor1.mp4 */ = {isa = PBXFileReference; lastKnownFileType = file; path = taylor1.mp4; sourceTree = "<group>"; };
		213FAA2E27129274001303C5 /* 【Taylor Swift】[4K修复] Red (CMA Awards 2013) - 001 - [4K修复] Red (CMA Awards 2013).mp4 */ = {isa = PBXFileReference; lastKnownFileType = file; path = "【Taylor Swift】[4K修复] Red (CMA Awards 2013) - 001 - [4K修复] Red (CMA Awards 2013).mp4"; sourceTree = "<group>"; };
		213FAA302712929A001303C5 /* 美哭了！！万人大合唱！Taylor Swift世界巡演《Love Story》！真正的视觉与听觉享受，超级震撼的舞台效果！据最神奇的视频.mp4 */ = {isa = PBXFileReference; lastKnownFileType = file; path = "美哭了！！万人大合唱！Taylor Swift世界巡演《Love Story》！真正的视觉与听觉享受，超级震撼的舞台效果！据最神奇的视频.mp4"; sourceTree = "<group>"; };
		213FAA32271292E2001303C5 /* 懂王-川宝支持者精彩瞬间，从来没见拉稀乔有这种待遇。 - 001 - 懂王-川宝支持者精彩瞬间，从来没见拉稀乔有这种待遇.mp4 */ = {isa = PBXFileReference; lastKnownFileType = file; path = "懂王-川宝支持者精彩瞬间，从来没见拉稀乔有这种待遇。 - 001 - 懂王-川宝支持者精彩瞬间，从来没见拉稀乔有这种待遇.mp4"; sourceTree = "<group>"; };
		21EC4C8E27106F8800C25FF9 /* Youtube Transition.app */ = {isa = PBXFileReference; explicitFileType = wrapper.application; includeInIndex = 0; path = "Youtube Transition.app"; sourceTree = BUILT_PRODUCTS_DIR; };
		21EC4C9127106F8800C25FF9 /* Youtube_TransitionApp.swift */ = {isa = PBXFileReference; lastKnownFileType = sourcecode.swift; path = Youtube_TransitionApp.swift; sourceTree = "<group>"; };
		21EC4C9327106F8800C25FF9 /* ContentView.swift */ = {isa = PBXFileReference; lastKnownFileType = sourcecode.swift; path = ContentView.swift; sourceTree = "<group>"; };
		21EC4C9527106F8900C25FF9 /* Assets.xcassets */ = {isa = PBXFileReference; lastKnownFileType = folder.assetcatalog; path = Assets.xcassets; sourceTree = "<group>"; };
		21EC4C9827106F8900C25FF9 /* Preview Assets.xcassets */ = {isa = PBXFileReference; lastKnownFileType = folder.assetcatalog; path = "Preview Assets.xcassets"; sourceTree = "<group>"; };
		21EC4C9E27106F8A00C25FF9 /* Youtube TransitionTests.xctest */ = {isa = PBXFileReference; explicitFileType = wrapper.cfbundle; includeInIndex = 0; path = "Youtube TransitionTests.xctest"; sourceTree = BUILT_PRODUCTS_DIR; };
		21EC4CA227106F8A00C25FF9 /* Youtube_TransitionTests.swift */ = {isa = PBXFileReference; lastKnownFileType = sourcecode.swift; path = Youtube_TransitionTests.swift; sourceTree = "<group>"; };
		21EC4CA827106F8A00C25FF9 /* Youtube TransitionUITests.xctest */ = {isa = PBXFileReference; explicitFileType = wrapper.cfbundle; includeInIndex = 0; path = "Youtube TransitionUITests.xctest"; sourceTree = BUILT_PRODUCTS_DIR; };
		21EC4CAC27106F8A00C25FF9 /* Youtube_TransitionUITests.swift */ = {isa = PBXFileReference; lastKnownFileType = sourcecode.swift; path = Youtube_TransitionUITests.swift; sourceTree = "<group>"; };
		21EC4CAE27106F8A00C25FF9 /* Youtube_TransitionUITestsLaunchTests.swift */ = {isa = PBXFileReference; lastKnownFileType = sourcecode.swift; path = Youtube_TransitionUITestsLaunchTests.swift; sourceTree = "<group>"; };
		21EC4CBF27106FC900C25FF9 /* Video.swift */ = {isa = PBXFileReference; lastKnownFileType = sourcecode.swift; path = Video.swift; sourceTree = "<group>"; };
		21EC4CC1271070E200C25FF9 /* Home.swift */ = {isa = PBXFileReference; lastKnownFileType = sourcecode.swift; path = Home.swift; sourceTree = "<group>"; };
		21EC4CC32710713600C25FF9 /* video.mp4 */ = {isa = PBXFileReference; lastKnownFileType = file; path = video.mp4; sourceTree = "<group>"; };
		21EC4CC42710727900C25FF9 /* VideoCardView.swift */ = {isa = PBXFileReference; lastKnownFileType = sourcecode.swift; path = VideoCardView.swift; sourceTree = "<group>"; };
		21EC4CC6271074D400C25FF9 /* MiniPlayer.swift */ = {isa = PBXFileReference; lastKnownFileType = sourcecode.swift; path = MiniPlayer.swift; sourceTree = "<group>"; };
		21EC4CC82710751700C25FF9 /* VidePlayerView.swift */ = {isa = PBXFileReference; lastKnownFileType = sourcecode.swift; path = VidePlayerView.swift; sourceTree = "<group>"; };
/* End PBXFileReference section */

/* Begin PBXFrameworksBuildPhase section */
		21EC4C8B27106F8800C25FF9 /* Frameworks */ = {
			isa = PBXFrameworksBuildPhase;
			buildActionMask = 2147483647;
			files = (
			);
			runOnlyForDeploymentPostprocessing = 0;
		};
		21EC4C9B27106F8A00C25FF9 /* Frameworks */ = {
			isa = PBXFrameworksBuildPhase;
			buildActionMask = 2147483647;
			files = (
			);
			runOnlyForDeploymentPostprocessing = 0;
		};
		21EC4CA527106F8A00C25FF9 /* Frameworks */ = {
			isa = PBXFrameworksBuildPhase;
			buildActionMask = 2147483647;
			files = (
			);
			runOnlyForDeploymentPostprocessing = 0;
		};
/* End PBXFrameworksBuildPhase section */

/* Begin PBXGroup section */
		21EC4C8527106F8800C25FF9 = {
			isa = PBXGroup;
			children = (
				21EC4C9027106F8800C25FF9 /* Youtube Transition */,
				21EC4CA127106F8A00C25FF9 /* Youtube TransitionTests */,
				21EC4CAB27106F8A00C25FF9 /* Youtube TransitionUITests */,
				21EC4C8F27106F8800C25FF9 /* Products */,
			);
			sourceTree = "<group>";
		};
		21EC4C8F27106F8800C25FF9 /* Products */ = {
			isa = PBXGroup;
			children = (
				21EC4C8E27106F8800C25FF9 /* Youtube Transition.app */,
				21EC4C9E27106F8A00C25FF9 /* Youtube TransitionTests.xctest */,
				21EC4CA827106F8A00C25FF9 /* Youtube TransitionUITests.xctest */,
			);
			name = Products;
			sourceTree = "<group>";
		};
		21EC4C9027106F8800C25FF9 /* Youtube Transition */ = {
			isa = PBXGroup;
			children = (
				21EC4CBE27106FBB00C25FF9 /* Files */,
				21EC4CBD27106FB000C25FF9 /* ViewModel */,
				21EC4CBC27106FAB00C25FF9 /* Model */,
				21EC4CBB27106FA700C25FF9 /* View */,
				21EC4C9127106F8800C25FF9 /* Youtube_TransitionApp.swift */,
				21EC4C9327106F8800C25FF9 /* ContentView.swift */,
				21EC4C9527106F8900C25FF9 /* Assets.xcassets */,
				21EC4C9727106F8900C25FF9 /* Preview Content */,
			);
			path = "Youtube Transition";
			sourceTree = "<group>";
		};
		21EC4C9727106F8900C25FF9 /* Preview Content */ = {
			isa = PBXGroup;
			children = (
				21EC4C9827106F8900C25FF9 /* Preview Assets.xcassets */,
			);
			path = "Preview Content";
			sourceTree = "<group>";
		};
		21EC4CA127106F8A00C25FF9 /* Youtube TransitionTests */ = {
			isa = PBXGroup;
			children = (
				21EC4CA227106F8A00C25FF9 /* Youtube_TransitionTests.swift */,
			);
			path = "Youtube TransitionTests";
			sourceTree = "<group>";
		};
		21EC4CAB27106F8A00C25FF9 /* Youtube TransitionUITests */ = {
			isa = PBXGroup;
			children = (
				21EC4CAC27106F8A00C25FF9 /* Youtube_TransitionUITests.swift */,
				21EC4CAE27106F8A00C25FF9 /* Youtube_TransitionUITestsLaunchTests.swift */,
			);
			path = "Youtube TransitionUITests";
			sourceTree = "<group>";
		};
		21EC4CBB27106FA700C25FF9 /* View */ = {
			isa = PBXGroup;
			children = (
				21EC4CC1271070E200C25FF9 /* Home.swift */,
				21EC4CC6271074D400C25FF9 /* MiniPlayer.swift */,
				21EC4CC82710751700C25FF9 /* VidePlayerView.swift */,
				21EC4CC42710727900C25FF9 /* VideoCardView.swift */,
			);
			path = View;
			sourceTree = "<group>";
		};
		21EC4CBC27106FAB00C25FF9 /* Model */ = {
			isa = PBXGroup;
			children = (
				21EC4CBF27106FC900C25FF9 /* Video.swift */,
			);
			path = Model;
			sourceTree = "<group>";
		};
		21EC4CBD27106FB000C25FF9 /* ViewModel */ = {
			isa = PBXGroup;
			children = (
				21245DC927117E3100B51E02 /* VideoPlayerViewModel.swift */,
			);
			path = ViewModel;
			sourceTree = "<group>";
		};
		21EC4CBE27106FBB00C25FF9 /* Files */ = {
			isa = PBXGroup;
			children = (
				213FAA302712929A001303C5 /* 美哭了！！万人大合唱！Taylor Swift世界巡演《Love Story》！真正的视觉与听觉享受，超级震撼的舞台效果！据最神奇的视频.mp4 */,
				213FAA2E27129274001303C5 /* 【Taylor Swift】[4K修复] Red (CMA Awards 2013) - 001 - [4K修复] Red (CMA Awards 2013).mp4 */,
				213FAA2C27129155001303C5 /* taylor1.mp4 */,
				213FAA32271292E2001303C5 /* 懂王-川宝支持者精彩瞬间，从来没见拉稀乔有这种待遇。 - 001 - 懂王-川宝支持者精彩瞬间，从来没见拉稀乔有这种待遇.mp4 */,
				21EC4CC32710713600C25FF9 /* video.mp4 */,
			);
			path = Files;
			sourceTree = "<group>";
		};
/* End PBXGroup section */

/* Begin PBXNativeTarget section */
		21EC4C8D27106F8800C25FF9 /* Youtube Transition */ = {
			isa = PBXNativeTarget;
			buildConfigurationList = 21EC4CB227106F8A00C25FF9 /* Build configuration list for PBXNativeTarget "Youtube Transition" */;
			buildPhases = (
				21EC4C8A27106F8800C25FF9 /* Sources */,
				21EC4C8B27106F8800C25FF9 /* Frameworks */,
				21EC4C8C27106F8800C25FF9 /* Resources */,
			);
			buildRules = (
			);
			dependencies = (
			);
			name = "Youtube Transition";
			productName = "Youtube Transition";
			productReference = 21EC4C8E27106F8800C25FF9 /* Youtube Transition.app */;
			productType = "com.apple.product-type.application";
		};
		21EC4C9D27106F8A00C25FF9 /* Youtube TransitionTests */ = {
			isa = PBXNativeTarget;
			buildConfigurationList = 21EC4CB527106F8A00C25FF9 /* Build configuration list for PBXNativeTarget "Youtube TransitionTests" */;
			buildPhases = (
				21EC4C9A27106F8A00C25FF9 /* Sources */,
				21EC4C9B27106F8A00C25FF9 /* Frameworks */,
				21EC4C9C27106F8A00C25FF9 /* Resources */,
			);
			buildRules = (
			);
			dependencies = (
				21EC4CA027106F8A00C25FF9 /* PBXTargetDependency */,
			);
			name = "Youtube TransitionTests";
			productName = "Youtube TransitionTests";
			productReference = 21EC4C9E27106F8A00C25FF9 /* Youtube TransitionTests.xctest */;
			productType = "com.apple.product-type.bundle.unit-test";
		};
		21EC4CA727106F8A00C25FF9 /* Youtube TransitionUITests */ = {
			isa = PBXNativeTarget;
			buildConfigurationList = 21EC4CB827106F8A00C25FF9 /* Build configuration list for PBXNativeTarget "Youtube TransitionUITests" */;
			buildPhases = (
				21EC4CA427106F8A00C25FF9 /* Sources */,
				21EC4CA527106F8A00C25FF9 /* Frameworks */,
				21EC4CA627106F8A00C25FF9 /* Resources */,
			);
			buildRules = (
			);
			dependencies = (
				21EC4CAA27106F8A00C25FF9 /* PBXTargetDependency */,
			);
			name = "Youtube TransitionUITests";
			productName = "Youtube TransitionUITests";
			productReference = 21EC4CA827106F8A00C25FF9 /* Youtube TransitionUITests.xctest */;
			productType = "com.apple.product-type.bundle.ui-testing";
		};
/* End PBXNativeTarget section */

/* Begin PBXProject section */
		21EC4C8627106F8800C25FF9 /* Project object */ = {
			isa = PBXProject;
			attributes = {
				BuildIndependentTargetsInParallel = 1;
				LastSwiftUpdateCheck = 1300;
				LastUpgradeCheck = 1300;
				TargetAttributes = {
					21EC4C8D27106F8800C25FF9 = {
						CreatedOnToolsVersion = 13.0;
					};
					21EC4C9D27106F8A00C25FF9 = {
						CreatedOnToolsVersion = 13.0;
						TestTargetID = 21EC4C8D27106F8800C25FF9;
					};
					21EC4CA727106F8A00C25FF9 = {
						CreatedOnToolsVersion = 13.0;
						TestTargetID = 21EC4C8D27106F8800C25FF9;
					};
				};
			};
			buildConfigurationList = 21EC4C8927106F8800C25FF9 /* Build configuration list for PBXProject "Youtube Transition" */;
			compatibilityVersion = "Xcode 13.0";
			developmentRegion = en;
			hasScannedForEncodings = 0;
			knownRegions = (
				en,
				Base,
			);
			mainGroup = 21EC4C8527106F8800C25FF9;
			productRefGroup = 21EC4C8F27106F8800C25FF9 /* Products */;
			projectDirPath = "";
			projectRoot = "";
			targets = (
				21EC4C8D27106F8800C25FF9 /* Youtube Transition */,
				21EC4C9D27106F8A00C25FF9 /* Youtube TransitionTests */,
				21EC4CA727106F8A00C25FF9 /* Youtube TransitionUITests */,
			);
		};
/* End PBXProject section */

/* Begin PBXResourcesBuildPhase section */
		21EC4C8C27106F8800C25FF9 /* Resources */ = {
			isa = PBXResourcesBuildPhase;
			buildActionMask = 2147483647;
			files = (
				213FAA312712929A001303C5 /* 美哭了！！万人大合唱！Taylor Swift世界巡演《Love Story》！真正的视觉与听觉享受，超级震撼的舞台效果！据最神奇的视频.mp4 in Resources */,
				21EC4C9927106F8900C25FF9 /* Preview Assets.xcassets in Resources */,
				213FAA33271292E2001303C5 /* 懂王-川宝支持者精彩瞬间，从来没见拉稀乔有这种待遇。 - 001 - 懂王-川宝支持者精彩瞬间，从来没见拉稀乔有这种待遇.mp4 in Resources */,
				213FAA2D27129155001303C5 /* taylor1.mp4 in Resources */,
				213FAA2F27129274001303C5 /* 【Taylor Swift】[4K修复] Red (CMA Awards 2013) - 001 - [4K修复] Red (CMA Awards 2013).mp4 in Resources */,
				21EC4CCA2710769B00C25FF9 /* video.mp4 in Resources */,
				21EC4C9627106F8900C25FF9 /* Assets.xcassets in Resources */,
			);
			runOnlyForDeploymentPostprocessing = 0;
		};
		21EC4C9C27106F8A00C25FF9 /* Resources */ = {
			isa = PBXResourcesBuildPhase;
			buildActionMask = 2147483647;
			files = (
			);
			runOnlyForDeploymentPostprocessing = 0;
		};
		21EC4CA627106F8A00C25FF9 /* Resources */ = {
			isa = PBXResourcesBuildPhase;
			buildActionMask = 2147483647;
			files = (
			);
			runOnlyForDeploymentPostprocessing = 0;
		};
/* End PBXResourcesBuildPhase section */

/* Begin PBXSourcesBuildPhase section */
		21EC4C8A27106F8800C25FF9 /* Sources */ = {
			isa = PBXSourcesBuildPhase;
			buildActionMask = 2147483647;
			files = (
				21EC4C9427106F8800C25FF9 /* ContentView.swift in Sources */,
				21EC4CC027106FC900C25FF9 /* Video.swift in Sources */,
				21EC4CC2271070E200C25FF9 /* Home.swift in Sources */,
				21EC4CC7271074D400C25FF9 /* MiniPlayer.swift in Sources */,
				21EC4CC92710751700C25FF9 /* VidePlayerView.swift in Sources */,
				21245DCA27117E3100B51E02 /* VideoPlayerViewModel.swift in Sources */,
				21EC4C9227106F8800C25FF9 /* Youtube_TransitionApp.swift in Sources */,
				21EC4CC52710727900C25FF9 /* VideoCardView.swift in Sources */,
			);
			runOnlyForDeploymentPostprocessing = 0;
		};
		21EC4C9A27106F8A00C25FF9 /* Sources */ = {
			isa = PBXSourcesBuildPhase;
			buildActionMask = 2147483647;
			files = (
				21EC4CA327106F8A00C25FF9 /* Youtube_TransitionTests.swift in Sources */,
			);
			runOnlyForDeploymentPostprocessing = 0;
		};
		21EC4CA427106F8A00C25FF9 /* Sources */ = {
			isa = PBXSourcesBuildPhase;
			buildActionMask = 2147483647;
			files = (
				21EC4CAD27106F8A00C25FF9 /* Youtube_TransitionUITests.swift in Sources */,
				21EC4CAF27106F8A00C25FF9 /* Youtube_TransitionUITestsLaunchTests.swift in Sources */,
			);
			runOnlyForDeploymentPostprocessing = 0;
		};
/* End PBXSourcesBuildPhase section */

/* Begin PBXTargetDependency section */
		21EC4CA027106F8A00C25FF9 /* PBXTargetDependency */ = {
			isa = PBXTargetDependency;
			target = 21EC4C8D27106F8800C25FF9 /* Youtube Transition */;
			targetProxy = 21EC4C9F27106F8A00C25FF9 /* PBXContainerItemProxy */;
		};
		21EC4CAA27106F8A00C25FF9 /* PBXTargetDependency */ = {
			isa = PBXTargetDependency;
			target = 21EC4C8D27106F8800C25FF9 /* Youtube Transition */;
			targetProxy = 21EC4CA927106F8A00C25FF9 /* PBXContainerItemProxy */;
		};
/* End PBXTargetDependency section */

/* Begin XCBuildConfiguration section */
		21EC4CB027106F8A00C25FF9 /* Debug */ = {
			isa = XCBuildConfiguration;
			buildSettings = {
				ALWAYS_SEARCH_USER_PATHS = NO;
				CLANG_ANALYZER_NONNULL = YES;
				CLANG_ANALYZER_NUMBER_OBJECT_CONVERSION = YES_AGGRESSIVE;
				CLANG_CXX_LANGUAGE_STANDARD = "gnu++17";
				CLANG_CXX_LIBRARY = "libc++";
				CLANG_ENABLE_MODULES = YES;
				CLANG_ENABLE_OBJC_ARC = YES;
				CLANG_ENABLE_OBJC_WEAK = YES;
				CLANG_WARN_BLOCK_CAPTURE_AUTORELEASING = YES;
				CLANG_WARN_BOOL_CONVERSION = YES;
				CLANG_WARN_COMMA = YES;
				CLANG_WARN_CONSTANT_CONVERSION = YES;
				CLANG_WARN_DEPRECATED_OBJC_IMPLEMENTATIONS = YES;
				CLANG_WARN_DIRECT_OBJC_ISA_USAGE = YES_ERROR;
				CLANG_WARN_DOCUMENTATION_COMMENTS = YES;
				CLANG_WARN_EMPTY_BODY = YES;
				CLANG_WARN_ENUM_CONVERSION = YES;
				CLANG_WARN_INFINITE_RECURSION = YES;
				CLANG_WARN_INT_CONVERSION = YES;
				CLANG_WARN_NON_LITERAL_NULL_CONVERSION = YES;
				CLANG_WARN_OBJC_IMPLICIT_RETAIN_SELF = YES;
				CLANG_WARN_OBJC_LITERAL_CONVERSION = YES;
				CLANG_WARN_OBJC_ROOT_CLASS = YES_ERROR;
				CLANG_WARN_QUOTED_INCLUDE_IN_FRAMEWORK_HEADER = YES;
				CLANG_WARN_RANGE_LOOP_ANALYSIS = YES;
				CLANG_WARN_STRICT_PROTOTYPES = YES;
				CLANG_WARN_SUSPICIOUS_MOVE = YES;
				CLANG_WARN_UNGUARDED_AVAILABILITY = YES_AGGRESSIVE;
				CLANG_WARN_UNREACHABLE_CODE = YES;
				CLANG_WARN__DUPLICATE_METHOD_MATCH = YES;
				COPY_PHASE_STRIP = NO;
				DEBUG_INFORMATION_FORMAT = dwarf;
				ENABLE_STRICT_OBJC_MSGSEND = YES;
				ENABLE_TESTABILITY = YES;
				GCC_C_LANGUAGE_STANDARD = gnu11;
				GCC_DYNAMIC_NO_PIC = NO;
				GCC_NO_COMMON_BLOCKS = YES;
				GCC_OPTIMIZATION_LEVEL = 0;
				GCC_PREPROCESSOR_DEFINITIONS = (
					"DEBUG=1",
					"$(inherited)",
				);
				GCC_WARN_64_TO_32_BIT_CONVERSION = YES;
				GCC_WARN_ABOUT_RETURN_TYPE = YES_ERROR;
				GCC_WARN_UNDECLARED_SELECTOR = YES;
				GCC_WARN_UNINITIALIZED_AUTOS = YES_AGGRESSIVE;
				GCC_WARN_UNUSED_FUNCTION = YES;
				GCC_WARN_UNUSED_VARIABLE = YES;
				IPHONEOS_DEPLOYMENT_TARGET = 15.0;
				MTL_ENABLE_DEBUG_INFO = INCLUDE_SOURCE;
				MTL_FAST_MATH = YES;
				ONLY_ACTIVE_ARCH = YES;
				SDKROOT = iphoneos;
				SWIFT_ACTIVE_COMPILATION_CONDITIONS = DEBUG;
				SWIFT_OPTIMIZATION_LEVEL = "-Onone";
			};
			name = Debug;
		};
		21EC4CB127106F8A00C25FF9 /* Release */ = {
			isa = XCBuildConfiguration;
			buildSettings = {
				ALWAYS_SEARCH_USER_PATHS = NO;
				CLANG_ANALYZER_NONNULL = YES;
				CLANG_ANALYZER_NUMBER_OBJECT_CONVERSION = YES_AGGRESSIVE;
				CLANG_CXX_LANGUAGE_STANDARD = "gnu++17";
				CLANG_CXX_LIBRARY = "libc++";
				CLANG_ENABLE_MODULES = YES;
				CLANG_ENABLE_OBJC_ARC = YES;
				CLANG_ENABLE_OBJC_WEAK = YES;
				CLANG_WARN_BLOCK_CAPTURE_AUTORELEASING = YES;
				CLANG_WARN_BOOL_CONVERSION = YES;
				CLANG_WARN_COMMA = YES;
				CLANG_WARN_CONSTANT_CONVERSION = YES;
				CLANG_WARN_DEPRECATED_OBJC_IMPLEMENTATIONS = YES;
				CLANG_WARN_DIRECT_OBJC_ISA_USAGE = YES_ERROR;
				CLANG_WARN_DOCUMENTATION_COMMENTS = YES;
				CLANG_WARN_EMPTY_BODY = YES;
				CLANG_WARN_ENUM_CONVERSION = YES;
				CLANG_WARN_INFINITE_RECURSION = YES;
				CLANG_WARN_INT_CONVERSION = YES;
				CLANG_WARN_NON_LITERAL_NULL_CONVERSION = YES;
				CLANG_WARN_OBJC_IMPLICIT_RETAIN_SELF = YES;
				CLANG_WARN_OBJC_LITERAL_CONVERSION = YES;
				CLANG_WARN_OBJC_ROOT_CLASS = YES_ERROR;
				CLANG_WARN_QUOTED_INCLUDE_IN_FRAMEWORK_HEADER = YES;
				CLANG_WARN_RANGE_LOOP_ANALYSIS = YES;
				CLANG_WARN_STRICT_PROTOTYPES = YES;
				CLANG_WARN_SUSPICIOUS_MOVE = YES;
				CLANG_WARN_UNGUARDED_AVAILABILITY = YES_AGGRESSIVE;
				CLANG_WARN_UNREACHABLE_CODE = YES;
				CLANG_WARN__DUPLICATE_METHOD_MATCH = YES;
				COPY_PHASE_STRIP = NO;
				DEBUG_INFORMATION_FORMAT = "dwarf-with-dsym";
				ENABLE_NS_ASSERTIONS = NO;
				ENABLE_STRICT_OBJC_MSGSEND = YES;
				GCC_C_LANGUAGE_STANDARD = gnu11;
				GCC_NO_COMMON_BLOCKS = YES;
				GCC_WARN_64_TO_32_BIT_CONVERSION = YES;
				GCC_WARN_ABOUT_RETURN_TYPE = YES_ERROR;
				GCC_WARN_UNDECLARED_SELECTOR = YES;
				GCC_WARN_UNINITIALIZED_AUTOS = YES_AGGRESSIVE;
				GCC_WARN_UNUSED_FUNCTION = YES;
				GCC_WARN_UNUSED_VARIABLE = YES;
				IPHONEOS_DEPLOYMENT_TARGET = 15.0;
				MTL_ENABLE_DEBUG_INFO = NO;
				MTL_FAST_MATH = YES;
				SDKROOT = iphoneos;
				SWIFT_COMPILATION_MODE = wholemodule;
				SWIFT_OPTIMIZATION_LEVEL = "-O";
				VALIDATE_PRODUCT = YES;
			};
			name = Release;
		};
		21EC4CB327106F8A00C25FF9 /* Debug */ = {
			isa = XCBuildConfiguration;
			buildSettings = {
				ASSETCATALOG_COMPILER_APPICON_NAME = AppIcon;
				ASSETCATALOG_COMPILER_GLOBAL_ACCENT_COLOR_NAME = AccentColor;
				CODE_SIGN_STYLE = Automatic;
				CURRENT_PROJECT_VERSION = 1;
				DEVELOPMENT_ASSET_PATHS = "\"Youtube Transition/Preview Content\"";
				DEVELOPMENT_TEAM = 45UQ8YCF64;
				ENABLE_PREVIEWS = YES;
				GENERATE_INFOPLIST_FILE = YES;
				INFOPLIST_KEY_UIApplicationSceneManifest_Generation = YES;
				INFOPLIST_KEY_UIApplicationSupportsIndirectInputEvents = YES;
				INFOPLIST_KEY_UILaunchScreen_Generation = YES;
				INFOPLIST_KEY_UISupportedInterfaceOrientations_iPad = "UIInterfaceOrientationPortrait UIInterfaceOrientationPortraitUpsideDown UIInterfaceOrientationLandscapeLeft UIInterfaceOrientationLandscapeRight";
				INFOPLIST_KEY_UISupportedInterfaceOrientations_iPhone = "UIInterfaceOrientationPortrait UIInterfaceOrientationLandscapeLeft UIInterfaceOrientationLandscapeRight";
				IPHONEOS_DEPLOYMENT_TARGET = 14.0;
				LD_RUNPATH_SEARCH_PATHS = (
					"$(inherited)",
					"@executable_path/Frameworks",
				);
				MARKETING_VERSION = 1.0;
				PRODUCT_BUNDLE_IDENTIFIER = "Danny-Wang.Youtube-Transition";
				PRODUCT_NAME = "$(TARGET_NAME)";
				SWIFT_EMIT_LOC_STRINGS = YES;
				SWIFT_VERSION = 5.0;
				TARGETED_DEVICE_FAMILY = "1,2";
			};
			name = Debug;
		};
		21EC4CB427106F8A00C25FF9 /* Release */ = {
			isa = XCBuildConfiguration;
			buildSettings = {
				ASSETCATALOG_COMPILER_APPICON_NAME = AppIcon;
				ASSETCATALOG_COMPILER_GLOBAL_ACCENT_COLOR_NAME = AccentColor;
				CODE_SIGN_STYLE = Automatic;
				CURRENT_PROJECT_VERSION = 1;
				DEVELOPMENT_ASSET_PATHS = "\"Youtube Transition/Preview Content\"";
				DEVELOPMENT_TEAM = 45UQ8YCF64;
				ENABLE_PREVIEWS = YES;
				GENERATE_INFOPLIST_FILE = YES;
				INFOPLIST_KEY_UIApplicationSceneManifest_Generation = YES;
				INFOPLIST_KEY_UIApplicationSupportsIndirectInputEvents = YES;
				INFOPLIST_KEY_UILaunchScreen_Generation = YES;
				INFOPLIST_KEY_UISupportedInterfaceOrientations_iPad = "UIInterfaceOrientationPortrait UIInterfaceOrientationPortraitUpsideDown UIInterfaceOrientationLandscapeLeft UIInterfaceOrientationLandscapeRight";
				INFOPLIST_KEY_UISupportedInterfaceOrientations_iPhone = "UIInterfaceOrientationPortrait UIInterfaceOrientationLandscapeLeft UIInterfaceOrientationLandscapeRight";
				IPHONEOS_DEPLOYMENT_TARGET = 14.0;
				LD_RUNPATH_SEARCH_PATHS = (
					"$(inherited)",
					"@executable_path/Frameworks",
				);
				MARKETING_VERSION = 1.0;
				PRODUCT_BUNDLE_IDENTIFIER = "Danny-Wang.Youtube-Transition";
				PRODUCT_NAME = "$(TARGET_NAME)";
				SWIFT_EMIT_LOC_STRINGS = YES;
				SWIFT_VERSION = 5.0;
				TARGETED_DEVICE_FAMILY = "1,2";
			};
			name = Release;
		};
		21EC4CB627106F8A00C25FF9 /* Debug */ = {
			isa = XCBuildConfiguration;
			buildSettings = {
				ALWAYS_EMBED_SWIFT_STANDARD_LIBRARIES = YES;
				BUNDLE_LOADER = "$(TEST_HOST)";
				CODE_SIGN_STYLE = Automatic;
				CURRENT_PROJECT_VERSION = 1;
				DEVELOPMENT_TEAM = 45UQ8YCF64;
				GENERATE_INFOPLIST_FILE = YES;
				IPHONEOS_DEPLOYMENT_TARGET = 14.0;
				LD_RUNPATH_SEARCH_PATHS = (
					"$(inherited)",
					"@executable_path/Frameworks",
					"@loader_path/Frameworks",
				);
				MARKETING_VERSION = 1.0;
				PRODUCT_BUNDLE_IDENTIFIER = "Danny-Wang.Youtube-TransitionTests";
				PRODUCT_NAME = "$(TARGET_NAME)";
				SWIFT_EMIT_LOC_STRINGS = NO;
				SWIFT_VERSION = 5.0;
				TARGETED_DEVICE_FAMILY = "1,2";
				TEST_HOST = "$(BUILT_PRODUCTS_DIR)/Youtube Transition.app/Youtube Transition";
			};
			name = Debug;
		};
		21EC4CB727106F8A00C25FF9 /* Release */ = {
			isa = XCBuildConfiguration;
			buildSettings = {
				ALWAYS_EMBED_SWIFT_STANDARD_LIBRARIES = YES;
				BUNDLE_LOADER = "$(TEST_HOST)";
				CODE_SIGN_STYLE = Automatic;
				CURRENT_PROJECT_VERSION = 1;
				DEVELOPMENT_TEAM = 45UQ8YCF64;
				GENERATE_INFOPLIST_FILE = YES;
				IPHONEOS_DEPLOYMENT_TARGET = 14.0;
				LD_RUNPATH_SEARCH_PATHS = (
					"$(inherited)",
					"@executable_path/Frameworks",
					"@loader_path/Frameworks",
				);
				MARKETING_VERSION = 1.0;
				PRODUCT_BUNDLE_IDENTIFIER = "Danny-Wang.Youtube-TransitionTests";
				PRODUCT_NAME = "$(TARGET_NAME)";
				SWIFT_EMIT_LOC_STRINGS = NO;
				SWIFT_VERSION = 5.0;
				TARGETED_DEVICE_FAMILY = "1,2";
				TEST_HOST = "$(BUILT_PRODUCTS_DIR)/Youtube Transition.app/Youtube Transition";
			};
			name = Release;
		};
		21EC4CB927106F8A00C25FF9 /* Debug */ = {
			isa = XCBuildConfiguration;
			buildSettings = {
				ALWAYS_EMBED_SWIFT_STANDARD_LIBRARIES = YES;
				CODE_SIGN_STYLE = Automatic;
				CURRENT_PROJECT_VERSION = 1;
				DEVELOPMENT_TEAM = 45UQ8YCF64;
				GENERATE_INFOPLIST_FILE = YES;
				LD_RUNPATH_SEARCH_PATHS = (
					"$(inherited)",
					"@executable_path/Frameworks",
					"@loader_path/Frameworks",
				);
				MARKETING_VERSION = 1.0;
				PRODUCT_BUNDLE_IDENTIFIER = "Danny-Wang.Youtube-TransitionUITests";
				PRODUCT_NAME = "$(TARGET_NAME)";
				SWIFT_EMIT_LOC_STRINGS = NO;
				SWIFT_VERSION = 5.0;
				TARGETED_DEVICE_FAMILY = "1,2";
				TEST_TARGET_NAME = "Youtube Transition";
			};
			name = Debug;
		};
		21EC4CBA27106F8A00C25FF9 /* Release */ = {
			isa = XCBuildConfiguration;
			buildSettings = {
				ALWAYS_EMBED_SWIFT_STANDARD_LIBRARIES = YES;
				CODE_SIGN_STYLE = Automatic;
				CURRENT_PROJECT_VERSION = 1;
				DEVELOPMENT_TEAM = 45UQ8YCF64;
				GENERATE_INFOPLIST_FILE = YES;
				LD_RUNPATH_SEARCH_PATHS = (
					"$(inherited)",
					"@executable_path/Frameworks",
					"@loader_path/Frameworks",
				);
				MARKETING_VERSION = 1.0;
				PRODUCT_BUNDLE_IDENTIFIER = "Danny-Wang.Youtube-TransitionUITests";
				PRODUCT_NAME = "$(TARGET_NAME)";
				SWIFT_EMIT_LOC_STRINGS = NO;
				SWIFT_VERSION = 5.0;
				TARGETED_DEVICE_FAMILY = "1,2";
				TEST_TARGET_NAME = "Youtube Transition";
			};
			name = Release;
		};
/* End XCBuildConfiguration section */

/* Begin XCConfigurationList section */
		21EC4C8927106F8800C25FF9 /* Build configuration list for PBXProject "Youtube Transition" */ = {
			isa = XCConfigurationList;
			buildConfigurations = (
				21EC4CB027106F8A00C25FF9 /* Debug */,
				21EC4CB127106F8A00C25FF9 /* Release */,
			);
			defaultConfigurationIsVisible = 0;
			defaultConfigurationName = Release;
		};
		21EC4CB227106F8A00C25FF9 /* Build configuration list for PBXNativeTarget "Youtube Transition" */ = {
			isa = XCConfigurationList;
			buildConfigurations = (
				21EC4CB327106F8A00C25FF9 /* Debug */,
				21EC4CB427106F8A00C25FF9 /* Release */,
			);
			defaultConfigurationIsVisible = 0;
			defaultConfigurationName = Release;
		};
		21EC4CB527106F8A00C25FF9 /* Build configuration list for PBXNativeTarget "Youtube TransitionTests" */ = {
			isa = XCConfigurationList;
			buildConfigurations = (
				21EC4CB627106F8A00C25FF9 /* Debug */,
				21EC4CB727106F8A00C25FF9 /* Release */,
			);
			defaultConfigurationIsVisible = 0;
			defaultConfigurationName = Release;
		};
		21EC4CB827106F8A00C25FF9 /* Build configuration list for PBXNativeTarget "Youtube TransitionUITests" */ = {
			isa = XCConfigurationList;
			buildConfigurations = (
				21EC4CB927106F8A00C25FF9 /* Debug */,
				21EC4CBA27106F8A00C25FF9 /* Release */,
			);
			defaultConfigurationIsVisible = 0;
			defaultConfigurationName = Release;
		};
/* End XCConfigurationList section */
	};
	rootObject = 21EC4C8627106F8800C25FF9 /* Project object */;
}
